
Microsoft Visual Studio Solution File, Format Version 12.00
# Visual Studio Version 17
VisualStudioVersion = 17.1.32319.34
MinimumVisualStudioVersion = 10.0.40219.1
Project("{FAE04EC0-301F-11D3-BF4B-00C04F79EFBC}") = "SimaticString", "SimaticString\SimaticString.csproj", "{9112AF1A-83EB-4D58-A8FB-F8A74A1A5261}"
EndProject
Global
	GlobalSection(SolutionConfigurationPlatforms) = preSolution
		Debug|Any CPU = Debug|Any CPU
		Release|Any CPU = Release|Any CPU
	EndGlobalSection
	GlobalSection(ProjectConfigurationPlatforms) = postSolution
		{9112AF1A-83EB-4D58-A8FB-F8A74A1A5261}.Debug|Any CPU.ActiveCfg = Debug|Any CPU
		{9112AF1A-83EB-4D58-A8FB-F8A74A1A5261}.Debug|Any CPU.Build.0 = Debug|Any CPU
		{9112AF1A-83EB-4D58-A8FB-F8A74A1A5261}.Release|Any CPU.ActiveCfg = Release|Any CPU
		{9112AF1A-83EB-4D58-A8FB-F8A74A1A5261}.Release|Any CPU.Build.0 = Release|Any CPU
	EndGlobalSection
	GlobalSection(SolutionProperties) = preSolution
		HideSolutionNode = FALSE
	EndGlobalSection
	GlobalSection(ExtensibilityGlobals) = postSolution
		SolutionGuid = {AA3924C6-5161-49C6-9A9E-8B5920C001C5}
	EndGlobalSection
EndGlobal
